// !$*UTF8*$!
{
	archiveVersion = 1;
	classes = {
	};
	objectVersion = 50;
	objects = {

/* Begin PBXBuildFile section */
		3D260BF221403CAF009D94F3 /* AppDelegate.swift in Sources */ = {isa = PBXBuildFile; fileRef = 3D260BF121403CAF009D94F3 /* AppDelegate.swift */; };
		3D260BF421403CAF009D94F3 /* ViewController.swift in Sources */ = {isa = PBXBuildFile; fileRef = 3D260BF321403CAF009D94F3 /* ViewController.swift */; };
		3D260BF721403CAF009D94F3 /* Main.storyboard in Resources */ = {isa = PBXBuildFile; fileRef = 3D260BF521403CAF009D94F3 /* Main.storyboard */; };
		3D260BF921403CBB009D94F3 /* Assets.xcassets in Resources */ = {isa = PBXBuildFile; fileRef = 3D260BF821403CBB009D94F3 /* Assets.xcassets */; };
		3D260BFC21403CBB009D94F3 /* LaunchScreen.storyboard in Resources */ = {isa = PBXBuildFile; fileRef = 3D260BFA21403CBB009D94F3 /* LaunchScreen.storyboard */; };
		3D260C0721403CBC009D94F3 /* ConstraintsPlantillaTests.swift in Sources */ = {isa = PBXBuildFile; fileRef = 3D260C0621403CBC009D94F3 /* ConstraintsPlantillaTests.swift */; };
		3D260C1221403CBC009D94F3 /* ConstraintsPlantillaUITests.swift in Sources */ = {isa = PBXBuildFile; fileRef = 3D260C1121403CBC009D94F3 /* ConstraintsPlantillaUITests.swift */; };
/* End PBXBuildFile section */

/* Begin PBXContainerItemProxy section */
		3D260C0321403CBC009D94F3 /* PBXContainerItemProxy */ = {
			isa = PBXContainerItemProxy;
			containerPortal = 3D260BE621403CAE009D94F3 /* Project object */;
			proxyType = 1;
			remoteGlobalIDString = 3D260BED21403CAF009D94F3;
			remoteInfo = ConstraintsPlantilla;
		};
		3D260C0E21403CBC009D94F3 /* PBXContainerItemProxy */ = {
			isa = PBXContainerItemProxy;
			containerPortal = 3D260BE621403CAE009D94F3 /* Project object */;
			proxyType = 1;
			remoteGlobalIDString = 3D260BED21403CAF009D94F3;
			remoteInfo = ConstraintsPlantilla;
		};
/* End PBXContainerItemProxy section */

/* Begin PBXFileReference section */
		3D260BEE21403CAF009D94F3 /* ConstraintsPlantilla.app */ = {isa = PBXFileReference; explicitFileType = wrapper.application; includeInIndex = 0; path = ConstraintsPlantilla.app; sourceTree = BUILT_PRODUCTS_DIR; };
		3D260BF121403CAF009D94F3 /* AppDelegate.swift */ = {isa = PBXFileReference; lastKnownFileType = sourcecode.swift; path = AppDelegate.swift; sourceTree = "<group>"; };
		3D260BF321403CAF009D94F3 /* ViewController.swift */ = {isa = PBXFileReference; lastKnownFileType = sourcecode.swift; path = ViewController.swift; sourceTree = "<group>"; };
		3D260BF621403CAF009D94F3 /* Base */ = {isa = PBXFileReference; lastKnownFileType = file.storyboard; name = Base; path = Base.lproj/Main.storyboard; sourceTree = "<group>"; };
		3D260BF821403CBB009D94F3 /* Assets.xcassets */ = {isa = PBXFileReference; lastKnownFileType = folder.assetcatalog; path = Assets.xcassets; sourceTree = "<group>"; };
		3D260BFB21403CBB009D94F3 /* Base */ = {isa = PBXFileReference; lastKnownFileType = file.storyboard; name = Base; path = Base.lproj/LaunchScreen.storyboard; sourceTree = "<group>"; };
		3D260BFD21403CBB009D94F3 /* Info.plist */ = {isa = PBXFileReference; lastKnownFileType = text.plist.xml; path = Info.plist; sourceTree = "<group>"; };
		3D260C0221403CBC009D94F3 /* ConstraintsPlantillaTests.xctest */ = {isa = PBXFileReference; explicitFileType = wrapper.cfbundle; includeInIndex = 0; path = ConstraintsPlantillaTests.xctest; sourceTree = BUILT_PRODUCTS_DIR; };
		3D260C0621403CBC009D94F3 /* ConstraintsPlantillaTests.swift */ = {isa = PBXFileReference; lastKnownFileType = sourcecode.swift; path = ConstraintsPlantillaTests.swift; sourceTree = "<group>"; };
		3D260C0821403CBC009D94F3 /* Info.plist */ = {isa = PBXFileReference; lastKnownFileType = text.plist.xml; path = Info.plist; sourceTree = "<group>"; };
		3D260C0D21403CBC009D94F3 /* ConstraintsPlantillaUITests.xctest */ = {isa = PBXFileReference; explicitFileType = wrapper.cfbundle; includeInIndex = 0; path = ConstraintsPlantillaUITests.xctest; sourceTree = BUILT_PRODUCTS_DIR; };
		3D260C1121403CBC009D94F3 /* ConstraintsPlantillaUITests.swift */ = {isa = PBXFileReference; lastKnownFileType = sourcecode.swift; path = ConstraintsPlantillaUITests.swift; sourceTree = "<group>"; };
		3D260C1321403CBC009D94F3 /* Info.plist */ = {isa = PBXFileReference; lastKnownFileType = text.plist.xml; path = Info.plist; sourceTree = "<group>"; };
/* End PBXFileReference section */

/* Begin PBXFrameworksBuildPhase section */
		3D260BEB21403CAF009D94F3 /* Frameworks */ = {
			isa = PBXFrameworksBuildPhase;
			buildActionMask = 2147483647;
			files = (
			);
			runOnlyForDeploymentPostprocessing = 0;
		};
		3D260BFF21403CBC009D94F3 /* Frameworks */ = {
			isa = PBXFrameworksBuildPhase;
			buildActionMask = 2147483647;
			files = (
			);
			runOnlyForDeploymentPostprocessing = 0;
		};
		3D260C0A21403CBC009D94F3 /* Frameworks */ = {
			isa = PBXFrameworksBuildPhase;
			buildActionMask = 2147483647;
			files = (
			);
			runOnlyForDeploymentPostprocessing = 0;
		};
/* End PBXFrameworksBuildPhase section */

/* Begin PBXGroup section */
		3D260BE521403CAE009D94F3 = {
			isa = PBXGroup;
			children = (
				3D260BF021403CAF009D94F3 /* ConstraintsPlantilla */,
				3D260C0521403CBC009D94F3 /* ConstraintsPlantillaTests */,
				3D260C1021403CBC009D94F3 /* ConstraintsPlantillaUITests */,
				3D260BEF21403CAF009D94F3 /* Products */,
			);
			sourceTree = "<group>";
		};
		3D260BEF21403CAF009D94F3 /* Products */ = {
			isa = PBXGroup;
			children = (
				3D260BEE21403CAF009D94F3 /* ConstraintsPlantilla.app */,
				3D260C0221403CBC009D94F3 /* ConstraintsPlantillaTests.xctest */,
				3D260C0D21403CBC009D94F3 /* ConstraintsPlantillaUITests.xctest */,
			);
			name = Products;
			sourceTree = "<group>";
		};
		3D260BF021403CAF009D94F3 /* ConstraintsPlantilla */ = {
			isa = PBXGroup;
			children = (
				3D260BF121403CAF009D94F3 /* AppDelegate.swift */,
				3D260BF321403CAF009D94F3 /* ViewController.swift */,
				3D260BF521403CAF009D94F3 /* Main.storyboard */,
				3D260BF821403CBB009D94F3 /* Assets.xcassets */,
				3D260BFA21403CBB009D94F3 /* LaunchScreen.storyboard */,
				3D260BFD21403CBB009D94F3 /* Info.plist */,
			);
			path = ConstraintsPlantilla;
			sourceTree = "<group>";
		};
		3D260C0521403CBC009D94F3 /* ConstraintsPlantillaTests */ = {
			isa = PBXGroup;
			children = (
				3D260C0621403CBC009D94F3 /* ConstraintsPlantillaTests.swift */,
				3D260C0821403CBC009D94F3 /* Info.plist */,
			);
			path = ConstraintsPlantillaTests;
			sourceTree = "<group>";
		};
		3D260C1021403CBC009D94F3 /* ConstraintsPlantillaUITests */ = {
			isa = PBXGroup;
			children = (
				3D260C1121403CBC009D94F3 /* ConstraintsPlantillaUITests.swift */,
				3D260C1321403CBC009D94F3 /* Info.plist */,
			);
			path = ConstraintsPlantillaUITests;
			sourceTree = "<group>";
		};
/* End PBXGroup section */

/* Begin PBXNativeTarget section */
		3D260BED21403CAF009D94F3 /* ConstraintsPlantilla */ = {
			isa = PBXNativeTarget;
			buildConfigurationList = 3D260C1621403CBC009D94F3 /* Build configuration list for PBXNativeTarget "ConstraintsPlantilla" */;
			buildPhases = (
				3D260BEA21403CAF009D94F3 /* Sources */,
				3D260BEB21403CAF009D94F3 /* Frameworks */,
				3D260BEC21403CAF009D94F3 /* Resources */,
			);
			buildRules = (
			);
			dependencies = (
			);
			name = ConstraintsPlantilla;
			productName = ConstraintsPlantilla;
			productReference = 3D260BEE21403CAF009D94F3 /* ConstraintsPlantilla.app */;
			productType = "com.apple.product-type.application";
		};
		3D260C0121403CBC009D94F3 /* ConstraintsPlantillaTests */ = {
			isa = PBXNativeTarget;
			buildConfigurationList = 3D260C1921403CBC009D94F3 /* Build configuration list for PBXNativeTarget "ConstraintsPlantillaTests" */;
			buildPhases = (
				3D260BFE21403CBC009D94F3 /* Sources */,
				3D260BFF21403CBC009D94F3 /* Frameworks */,
				3D260C0021403CBC009D94F3 /* Resources */,
			);
			buildRules = (
			);
			dependencies = (
				3D260C0421403CBC009D94F3 /* PBXTargetDependency */,
			);
			name = ConstraintsPlantillaTests;
			productName = ConstraintsPlantillaTests;
			productReference = 3D260C0221403CBC009D94F3 /* ConstraintsPlantillaTests.xctest */;
			productType = "com.apple.product-type.bundle.unit-test";
		};
		3D260C0C21403CBC009D94F3 /* ConstraintsPlantillaUITests */ = {
			isa = PBXNativeTarget;
			buildConfigurationList = 3D260C1C21403CBC009D94F3 /* Build configuration list for PBXNativeTarget "ConstraintsPlantillaUITests" */;
			buildPhases = (
				3D260C0921403CBC009D94F3 /* Sources */,
				3D260C0A21403CBC009D94F3 /* Frameworks */,
				3D260C0B21403CBC009D94F3 /* Resources */,
			);
			buildRules = (
			);
			dependencies = (
				3D260C0F21403CBC009D94F3 /* PBXTargetDependency */,
			);
			name = ConstraintsPlantillaUITests;
			productName = ConstraintsPlantillaUITests;
			productReference = 3D260C0D21403CBC009D94F3 /* ConstraintsPlantillaUITests.xctest */;
			productType = "com.apple.product-type.bundle.ui-testing";
		};
/* End PBXNativeTarget section */

/* Begin PBXProject section */
		3D260BE621403CAE009D94F3 /* Project object */ = {
			isa = PBXProject;
			attributes = {
				LastSwiftUpdateCheck = 0940;
				LastUpgradeCheck = 0940;
				ORGANIZATIONNAME = Alumno;
				TargetAttributes = {
					3D260BED21403CAF009D94F3 = {
						CreatedOnToolsVersion = 9.4.1;
					};
					3D260C0121403CBC009D94F3 = {
						CreatedOnToolsVersion = 9.4.1;
						TestTargetID = 3D260BED21403CAF009D94F3;
					};
					3D260C0C21403CBC009D94F3 = {
						CreatedOnToolsVersion = 9.4.1;
						TestTargetID = 3D260BED21403CAF009D94F3;
					};
				};
			};
			buildConfigurationList = 3D260BE921403CAE009D94F3 /* Build configuration list for PBXProject "ConstraintsPlantilla" */;
			compatibilityVersion = "Xcode 9.3";
			developmentRegion = en;
			hasScannedForEncodings = 0;
			knownRegions = (
				en,
				Base,
			);
			mainGroup = 3D260BE521403CAE009D94F3;
			productRefGroup = 3D260BEF21403CAF009D94F3 /* Products */;
			projectDirPath = "";
			projectRoot = "";
			targets = (
				3D260BED21403CAF009D94F3 /* ConstraintsPlantilla */,
				3D260C0121403CBC009D94F3 /* ConstraintsPlantillaTests */,
				3D260C0C21403CBC009D94F3 /* ConstraintsPlantillaUITests */,
			);
		};
/* End PBXProject section */

/* Begin PBXResourcesBuildPhase section */
		3D260BEC21403CAF009D94F3 /* Resources */ = {
			isa = PBXResourcesBuildPhase;
			buildActionMask = 2147483647;
			files = (
				3D260BFC21403CBB009D94F3 /* LaunchScreen.storyboard in Resources */,
				3D260BF921403CBB009D94F3 /* Assets.xcassets in Resources */,
				3D260BF721403CAF009D94F3 /* Main.storyboard in Resources */,
			);
			runOnlyForDeploymentPostprocessing = 0;
		};
		3D260C0021403CBC009D94F3 /* Resources */ = {
			isa = PBXResourcesBuildPhase;
			buildActionMask = 2147483647;
			files = (
			);
			runOnlyForDeploymentPostprocessing = 0;
		};
		3D260C0B21403CBC009D94F3 /* Resources */ = {
			isa = PBXResourcesBuildPhase;
			buildActionMask = 2147483647;
			files = (
			);
			runOnlyForDeploymentPostprocessing = 0;
		};
/* End PBXResourcesBuildPhase section */

/* Begin PBXSourcesBuildPhase section */
		3D260BEA21403CAF009D94F3 /* Sources */ = {
			isa = PBXSourcesBuildPhase;
			buildActionMask = 2147483647;
			files = (
				3D260BF421403CAF009D94F3 /* ViewController.swift in Sources */,
				3D260BF221403CAF009D94F3 /* AppDelegate.swift in Sources */,
			);
			runOnlyForDeploymentPostprocessing = 0;
		};
		3D260BFE21403CBC009D94F3 /* Sources */ = {
			isa = PBXSourcesBuildPhase;
			buildActionMask = 2147483647;
			files = (
				3D260C0721403CBC009D94F3 /* ConstraintsPlantillaTests.swift in Sources */,
			);
			runOnlyForDeploymentPostprocessing = 0;
		};
		3D260C0921403CBC009D94F3 /* Sources */ = {
			isa = PBXSourcesBuildPhase;
			buildActionMask = 2147483647;
			files = (
				3D260C1221403CBC009D94F3 /* ConstraintsPlantillaUITests.swift in Sources */,
			);
			runOnlyForDeploymentPostprocessing = 0;
		};
/* End PBXSourcesBuildPhase section */

/* Begin PBXTargetDependency section */
		3D260C0421403CBC009D94F3 /* PBXTargetDependency */ = {
			isa = PBXTargetDependency;
			target = 3D260BED21403CAF009D94F3 /* ConstraintsPlantilla */;
			targetProxy = 3D260C0321403CBC009D94F3 /* PBXContainerItemProxy */;
		};
		3D260C0F21403CBC009D94F3 /* PBXTargetDependency */ = {
			isa = PBXTargetDependency;
			target = 3D260BED21403CAF009D94F3 /* ConstraintsPlantilla */;
			targetProxy = 3D260C0E21403CBC009D94F3 /* PBXContainerItemProxy */;
		};
/* End PBXTargetDependency section */

/* Begin PBXVariantGroup section */
		3D260BF521403CAF009D94F3 /* Main.storyboard */ = {
			isa = PBXVariantGroup;
			children = (
				3D260BF621403CAF009D94F3 /* Base */,
			);
			name = Main.storyboard;
			sourceTree = "<group>";
		};
		3D260BFA21403CBB009D94F3 /* LaunchScreen.storyboard */ = {
			isa = PBXVariantGroup;
			children = (
				3D260BFB21403CBB009D94F3 /* Base */,
			);
			name = LaunchScreen.storyboard;
			sourceTree = "<group>";
		};
/* End PBXVariantGroup section */

/* Begin XCBuildConfiguration section */
		3D260C1421403CBC009D94F3 /* Debug */ = {
			isa = XCBuildConfiguration;
			buildSettings = {
				ALWAYS_SEARCH_USER_PATHS = NO;
				CLANG_ANALYZER_NONNULL = YES;
				CLANG_ANALYZER_NUMBER_OBJECT_CONVERSION = YES_AGGRESSIVE;
				CLANG_CXX_LANGUAGE_STANDARD = "gnu++14";
				CLANG_CXX_LIBRARY = "libc++";
				CLANG_ENABLE_MODULES = YES;
				CLANG_ENABLE_OBJC_ARC = YES;
				CLANG_ENABLE_OBJC_WEAK = YES;
				CLANG_WARN_BLOCK_CAPTURE_AUTORELEASING = YES;
				CLANG_WARN_BOOL_CONVERSION = YES;
				CLANG_WARN_COMMA = YES;
				CLANG_WARN_CONSTANT_CONVERSION = YES;
				CLANG_WARN_DEPRECATED_OBJC_IMPLEMENTATIONS = YES;
				CLANG_WARN_DIRECT_OBJC_ISA_USAGE = YES_ERROR;
				CLANG_WARN_DOCUMENTATION_COMMENTS = YES;
				CLANG_WARN_EMPTY_BODY = YES;
				CLANG_WARN_ENUM_CONVERSION = YES;
				CLANG_WARN_INFINITE_RECURSION = YES;
				CLANG_WARN_INT_CONVERSION = YES;
				CLANG_WARN_NON_LITERAL_NULL_CONVERSION = YES;
				CLANG_WARN_OBJC_IMPLICIT_RETAIN_SELF = YES;
				CLANG_WARN_OBJC_LITERAL_CONVERSION = YES;
				CLANG_WARN_OBJC_ROOT_CLASS = YES_ERROR;
				CLANG_WARN_RANGE_LOOP_ANALYSIS = YES;
				CLANG_WARN_STRICT_PROTOTYPES = YES;
				CLANG_WARN_SUSPICIOUS_MOVE = YES;
				CLANG_WARN_UNGUARDED_AVAILABILITY = YES_AGGRESSIVE;
				CLANG_WARN_UNREACHABLE_CODE = YES;
				CLANG_WARN__DUPLICATE_METHOD_MATCH = YES;
				CODE_SIGN_IDENTITY = "iPhone Developer";
				COPY_PHASE_STRIP = NO;
				DEBUG_INFORMATION_FORMAT = dwarf;
				ENABLE_STRICT_OBJC_MSGSEND = YES;
				ENABLE_TESTABILITY = YES;
				GCC_C_LANGUAGE_STANDARD = gnu11;
				GCC_DYNAMIC_NO_PIC = NO;
				GCC_NO_COMMON_BLOCKS = YES;
				GCC_OPTIMIZATION_LEVEL = 0;
				GCC_PREPROCESSOR_DEFINITIONS = (
					"DEBUG=1",
					"$(inherited)",
				);
				GCC_WARN_64_TO_32_BIT_CONVERSION = YES;
				GCC_WARN_ABOUT_RETURN_TYPE = YES_ERROR;
				GCC_WARN_UNDECLARED_SELECTOR = YES;
				GCC_WARN_UNINITIALIZED_AUTOS = YES_AGGRESSIVE;
				GCC_WARN_UNUSED_FUNCTION = YES;
				GCC_WARN_UNUSED_VARIABLE = YES;
				IPHONEOS_DEPLOYMENT_TARGET = 11.4;
				MTL_ENABLE_DEBUG_INFO = YES;
				ONLY_ACTIVE_ARCH = YES;
				SDKROOT = iphoneos;
				SWIFT_ACTIVE_COMPILATION_CONDITIONS = DEBUG;
				SWIFT_OPTIMIZATION_LEVEL = "-Onone";
			};
			name = Debug;
		};
		3D260C1521403CBC009D94F3 /* Release */ = {
			isa = XCBuildConfiguration;
			buildSettings = {
				ALWAYS_SEARCH_USER_PATHS = NO;
				CLANG_ANALYZER_NONNULL = YES;
				CLANG_ANALYZER_NUMBER_OBJECT_CONVERSION = YES_AGGRESSIVE;
				CLANG_CXX_LANGUAGE_STANDARD = "gnu++14";
				CLANG_CXX_LIBRARY = "libc++";
				CLANG_ENABLE_MODULES = YES;
				CLANG_ENABLE_OBJC_ARC = YES;
				CLANG_ENABLE_OBJC_WEAK = YES;
				CLANG_WARN_BLOCK_CAPTURE_AUTORELEASING = YES;
				CLANG_WARN_BOOL_CONVERSION = YES;
				CLANG_WARN_COMMA = YES;
				CLANG_WARN_CONSTANT_CONVERSION = YES;
				CLANG_WARN_DEPRECATED_OBJC_IMPLEMENTATIONS = YES;
				CLANG_WARN_DIRECT_OBJC_ISA_USAGE = YES_ERROR;
				CLANG_WARN_DOCUMENTATION_COMMENTS = YES;
				CLANG_WARN_EMPTY_BODY = YES;
				CLANG_WARN_ENUM_CONVERSION = YES;
				CLANG_WARN_INFINITE_RECURSION = YES;
				CLANG_WARN_INT_CONVERSION = YES;
				CLANG_WARN_NON_LITERAL_NULL_CONVERSION = YES;
				CLANG_WARN_OBJC_IMPLICIT_RETAIN_SELF = YES;
				CLANG_WARN_OBJC_LITERAL_CONVERSION = YES;
				CLANG_WARN_OBJC_ROOT_CLASS = YES_ERROR;
				CLANG_WARN_RANGE_LOOP_ANALYSIS = YES;
				CLANG_WARN_STRICT_PROTOTYPES = YES;
				CLANG_WARN_SUSPICIOUS_MOVE = YES;
				CLANG_WARN_UNGUARDED_AVAILABILITY = YES_AGGRESSIVE;
				CLANG_WARN_UNREACHABLE_CODE = YES;
				CLANG_WARN__DUPLICATE_METHOD_MATCH = YES;
				CODE_SIGN_IDENTITY = "iPhone Developer";
				COPY_PHASE_STRIP = NO;
				DEBUG_INFORMATION_FORMAT = "dwarf-with-dsym";
				ENABLE_NS_ASSERTIONS = NO;
				ENABLE_STRICT_OBJC_MSGSEND = YES;
				GCC_C_LANGUAGE_STANDARD = gnu11;
				GCC_NO_COMMON_BLOCKS = YES;
				GCC_WARN_64_TO_32_BIT_CONVERSION = YES;
				GCC_WARN_ABOUT_RETURN_TYPE = YES_ERROR;
				GCC_WARN_UNDECLARED_SELECTOR = YES;
				GCC_WARN_UNINITIALIZED_AUTOS = YES_AGGRESSIVE;
				GCC_WARN_UNUSED_FUNCTION = YES;
				GCC_WARN_UNUSED_VARIABLE = YES;
				IPHONEOS_DEPLOYMENT_TARGET = 11.4;
				MTL_ENABLE_DEBUG_INFO = NO;
				SDKROOT = iphoneos;
				SWIFT_COMPILATION_MODE = wholemodule;
				SWIFT_OPTIMIZATION_LEVEL = "-O";
				VALIDATE_PRODUCT = YES;
			};
			name = Release;
		};
		3D260C1721403CBC009D94F3 /* Debug */ = {
			isa = XCBuildConfiguration;
			buildSettings = {
				ASSETCATALOG_COMPILER_APPICON_NAME = AppIcon;
				CODE_SIGN_STYLE = Automatic;
				INFOPLIST_FILE = ConstraintsPlantilla/Info.plist;
				LD_RUNPATH_SEARCH_PATHS = (
					"$(inherited)",
					"@executable_path/Frameworks",
				);
				PRODUCT_BUNDLE_IDENTIFIER = edu.ulsa.ConstraintsPlantilla;
				PRODUCT_NAME = "$(TARGET_NAME)";
				SWIFT_VERSION = 4.0;
				TARGETED_DEVICE_FAMILY = "1,2";
			};
			name = Debug;
		};
		3D260C1821403CBC009D94F3 /* Release */ = {
			isa = XCBuildConfiguration;
			buildSettings = {
				ASSETCATALOG_COMPILER_APPICON_NAME = AppIcon;
				CODE_SIGN_STYLE = Automatic;
				INFOPLIST_FILE = ConstraintsPlantilla/Info.plist;
				LD_RUNPATH_SEARCH_PATHS = (
					"$(inherited)",
					"@executable_path/Frameworks",
				);
				PRODUCT_BUNDLE_IDENTIFIER = edu.ulsa.ConstraintsPlantilla;
				PRODUCT_NAME = "$(TARGET_NAME)";
				SWIFT_VERSION = 4.0;
				TARGETED_DEVICE_FAMILY = "1,2";
			};
			name = Release;
		};
		3D260C1A21403CBC009D94F3 /* Debug */ = {
			isa = XCBuildConfiguration;
			buildSettings = {
				ALWAYS_EMBED_SWIFT_STANDARD_LIBRARIES = YES;
				BUNDLE_LOADER = "$(TEST_HOST)";
				CODE_SIGN_STYLE = Automatic;
				INFOPLIST_FILE = ConstraintsPlantillaTests/Info.plist;
				LD_RUNPATH_SEARCH_PATHS = (
					"$(inherited)",
					"@executable_path/Frameworks",
					"@loader_path/Frameworks",
				);
				PRODUCT_BUNDLE_IDENTIFIER = edu.ulsa.ConstraintsPlantillaTests;
				PRODUCT_NAME = "$(TARGET_NAME)";
				SWIFT_VERSION = 4.0;
				TARGETED_DEVICE_FAMILY = "1,2";
				TEST_HOST = "$(BUILT_PRODUCTS_DIR)/ConstraintsPlantilla.app/ConstraintsPlantilla";
			};
			name = Debug;
		};
		3D260C1B21403CBC009D94F3 /* Release */ = {
			isa = XCBuildConfiguration;
			buildSettings = {
				ALWAYS_EMBED_SWIFT_STANDARD_LIBRARIES = YES;
				BUNDLE_LOADER = "$(TEST_HOST)";
				CODE_SIGN_STYLE = Automatic;
				INFOPLIST_FILE = ConstraintsPlantillaTests/Info.plist;
				LD_RUNPATH_SEARCH_PATHS = (
					"$(inherited)",
					"@executable_path/Frameworks",
					"@loader_path/Frameworks",
				);
				PRODUCT_BUNDLE_IDENTIFIER = edu.ulsa.ConstraintsPlantillaTests;
				PRODUCT_NAME = "$(TARGET_NAME)";
				SWIFT_VERSION = 4.0;
				TARGETED_DEVICE_FAMILY = "1,2";
				TEST_HOST = "$(BUILT_PRODUCTS_DIR)/ConstraintsPlantilla.app/ConstraintsPlantilla";
			};
			name = Release;
		};
		3D260C1D21403CBC009D94F3 /* Debug */ = {
			isa = XCBuildConfiguration;
			buildSettings = {
				ALWAYS_EMBED_SWIFT_STANDARD_LIBRARIES = YES;
				CODE_SIGN_STYLE = Automatic;
				INFOPLIST_FILE = ConstraintsPlantillaUITests/Info.plist;
				LD_RUNPATH_SEARCH_PATHS = (
					"$(inherited)",
					"@executable_path/Frameworks",
					"@loader_path/Frameworks",
				);
				PRODUCT_BUNDLE_IDENTIFIER = edu.ulsa.ConstraintsPlantillaUITests;
				PRODUCT_NAME = "$(TARGET_NAME)";
				SWIFT_VERSION = 4.0;
				TARGETED_DEVICE_FAMILY = "1,2";
				TEST_TARGET_NAME = ConstraintsPlantilla;
			};
			name = Debug;
		};
		3D260C1E21403CBC009D94F3 /* Release */ = {
			isa = XCBuildConfiguration;
			buildSettings = {
				ALWAYS_EMBED_SWIFT_STANDARD_LIBRARIES = YES;
				CODE_SIGN_STYLE = Automatic;
				INFOPLIST_FILE = ConstraintsPlantillaUITests/Info.plist;
				LD_RUNPATH_SEARCH_PATHS = (
					"$(inherited)",
					"@executable_path/Frameworks",
					"@loader_path/Frameworks",
				);
				PRODUCT_BUNDLE_IDENTIFIER = edu.ulsa.ConstraintsPlantillaUITests;
				PRODUCT_NAME = "$(TARGET_NAME)";
				SWIFT_VERSION = 4.0;
				TARGETED_DEVICE_FAMILY = "1,2";
				TEST_TARGET_NAME = ConstraintsPlantilla;
			};
			name = Release;
		};
/* End XCBuildConfiguration section */

/* Begin XCConfigurationList section */
		3D260BE921403CAE009D94F3 /* Build configuration list for PBXProject "ConstraintsPlantilla" */ = {
			isa = XCConfigurationList;
			buildConfigurations = (
				3D260C1421403CBC009D94F3 /* Debug */,
				3D260C1521403CBC009D94F3 /* Release */,
			);
			defaultConfigurationIsVisible = 0;
			defaultConfigurationName = Release;
		};
		3D260C1621403CBC009D94F3 /* Build configuration list for PBXNativeTarget "ConstraintsPlantilla" */ = {
			isa = XCConfigurationList;
			buildConfigurations = (
				3D260C1721403CBC009D94F3 /* Debug */,
				3D260C1821403CBC009D94F3 /* Release */,
			);
			defaultConfigurationIsVisible = 0;
			defaultConfigurationName = Release;
		};
		3D260C1921403CBC009D94F3 /* Build configuration list for PBXNativeTarget "ConstraintsPlantillaTests" */ = {
			isa = XCConfigurationList;
			buildConfigurations = (
				3D260C1A21403CBC009D94F3 /* Debug */,
				3D260C1B21403CBC009D94F3 /* Release */,
			);
			defaultConfigurationIsVisible = 0;
			defaultConfigurationName = Release;
		};
		3D260C1C21403CBC009D94F3 /* Build configuration list for PBXNativeTarget "ConstraintsPlantillaUITests" */ = {
			isa = XCConfigurationList;
			buildConfigurations = (
				3D260C1D21403CBC009D94F3 /* Debug */,
				3D260C1E21403CBC009D94F3 /* Release */,
			);
			defaultConfigurationIsVisible = 0;
			defaultConfigurationName = Release;
		};
/* End XCConfigurationList section */
	};
	rootObject = 3D260BE621403CAE009D94F3 /* Project object */;
}
